// !$*UTF8*$!
{
	archiveVersion = 1;
	classes = {
	};
	objectVersion = 50;
	objects = {

/* Begin PBXBuildFile section */
		5ADCD11D26CA55D100004F63 /* AppDelegate.swift in Sources */ = {isa = PBXBuildFile; fileRef = 5ADCD11C26CA55D100004F63 /* AppDelegate.swift */; };
		5ADCD11F26CA55D100004F63 /* SceneDelegate.swift in Sources */ = {isa = PBXBuildFile; fileRef = 5ADCD11E26CA55D100004F63 /* SceneDelegate.swift */; };
		5ADCD12126CA55D100004F63 /* AuthViewController.swift in Sources */ = {isa = PBXBuildFile; fileRef = 5ADCD12026CA55D100004F63 /* AuthViewController.swift */; };
		5ADCD12926CA55D300004F63 /* LaunchScreen.storyboard in Resources */ = {isa = PBXBuildFile; fileRef = 5ADCD12726CA55D300004F63 /* LaunchScreen.storyboard */; };
		5ADCD13126CA638500004F63 /* Assets.xcassets in Resources */ = {isa = PBXBuildFile; fileRef = 5ADCD13026CA638500004F63 /* Assets.xcassets */; };
		5ADCD13326CA668600004F63 /* UIButton+Extension.swift in Sources */ = {isa = PBXBuildFile; fileRef = 5ADCD13226CA668600004F63 /* UIButton+Extension.swift */; };
		5ADCD13526CAAC0C00004F63 /* UIFont + Extension.swift in Sources */ = {isa = PBXBuildFile; fileRef = 5ADCD13426CAAC0C00004F63 /* UIFont + Extension.swift */; };
		5ADCD13726CAAE3000004F63 /* UIColor + Extension.swift in Sources */ = {isa = PBXBuildFile; fileRef = 5ADCD13626CAAE3000004F63 /* UIColor + Extension.swift */; };
		5ADCD13926CAB04800004F63 /* UILabel + Extension.swift in Sources */ = {isa = PBXBuildFile; fileRef = 5ADCD13826CAB04800004F63 /* UILabel + Extension.swift */; };
		5ADCD13B26CAB4C100004F63 /* UIImage + Extension.swift in Sources */ = {isa = PBXBuildFile; fileRef = 5ADCD13A26CAB4C100004F63 /* UIImage + Extension.swift */; };
		5ADCD13F26CABB0E00004F63 /* ButtonFormView.swift in Sources */ = {isa = PBXBuildFile; fileRef = 5ADCD13E26CABB0E00004F63 /* ButtonFormView.swift */; };
		5ADCD14126CAC63B00004F63 /* UIStackView + Extension.swift in Sources */ = {isa = PBXBuildFile; fileRef = 5ADCD14026CAC63B00004F63 /* UIStackView + Extension.swift */; };
		5ADCD14326CAC92A00004F63 /* SignUpViewController.swift in Sources */ = {isa = PBXBuildFile; fileRef = 5ADCD14226CAC92900004F63 /* SignUpViewController.swift */; };
/* End PBXBuildFile section */

/* Begin PBXFileReference section */
		5ADCD11926CA55D100004F63 /* iChat.app */ = {isa = PBXFileReference; explicitFileType = wrapper.application; includeInIndex = 0; path = iChat.app; sourceTree = BUILT_PRODUCTS_DIR; };
		5ADCD11C26CA55D100004F63 /* AppDelegate.swift */ = {isa = PBXFileReference; lastKnownFileType = sourcecode.swift; path = AppDelegate.swift; sourceTree = "<group>"; };
		5ADCD11E26CA55D100004F63 /* SceneDelegate.swift */ = {isa = PBXFileReference; lastKnownFileType = sourcecode.swift; path = SceneDelegate.swift; sourceTree = "<group>"; };
		5ADCD12026CA55D100004F63 /* AuthViewController.swift */ = {isa = PBXFileReference; lastKnownFileType = sourcecode.swift; path = AuthViewController.swift; sourceTree = "<group>"; };
		5ADCD12826CA55D300004F63 /* Base */ = {isa = PBXFileReference; lastKnownFileType = file.storyboard; name = Base; path = Base.lproj/LaunchScreen.storyboard; sourceTree = "<group>"; };
		5ADCD12A26CA55D300004F63 /* Info.plist */ = {isa = PBXFileReference; lastKnownFileType = text.plist.xml; path = Info.plist; sourceTree = "<group>"; };
		5ADCD13026CA638500004F63 /* Assets.xcassets */ = {isa = PBXFileReference; lastKnownFileType = folder.assetcatalog; name = Assets.xcassets; path = "../../../Downloads/05. урок/IChat/Assets.xcassets"; sourceTree = "<group>"; };
		5ADCD13226CA668600004F63 /* UIButton+Extension.swift */ = {isa = PBXFileReference; lastKnownFileType = sourcecode.swift; path = "UIButton+Extension.swift"; sourceTree = "<group>"; };
		5ADCD13426CAAC0C00004F63 /* UIFont + Extension.swift */ = {isa = PBXFileReference; lastKnownFileType = sourcecode.swift; path = "UIFont + Extension.swift"; sourceTree = "<group>"; };
		5ADCD13626CAAE3000004F63 /* UIColor + Extension.swift */ = {isa = PBXFileReference; lastKnownFileType = sourcecode.swift; path = "UIColor + Extension.swift"; sourceTree = "<group>"; };
		5ADCD13826CAB04800004F63 /* UILabel + Extension.swift */ = {isa = PBXFileReference; lastKnownFileType = sourcecode.swift; path = "UILabel + Extension.swift"; sourceTree = "<group>"; };
		5ADCD13A26CAB4C100004F63 /* UIImage + Extension.swift */ = {isa = PBXFileReference; lastKnownFileType = sourcecode.swift; path = "UIImage + Extension.swift"; sourceTree = "<group>"; };
		5ADCD13E26CABB0E00004F63 /* ButtonFormView.swift */ = {isa = PBXFileReference; lastKnownFileType = sourcecode.swift; path = ButtonFormView.swift; sourceTree = "<group>"; };
		5ADCD14026CAC63B00004F63 /* UIStackView + Extension.swift */ = {isa = PBXFileReference; lastKnownFileType = sourcecode.swift; path = "UIStackView + Extension.swift"; sourceTree = "<group>"; };
		5ADCD14226CAC92900004F63 /* SignUpViewController.swift */ = {isa = PBXFileReference; lastKnownFileType = sourcecode.swift; path = SignUpViewController.swift; sourceTree = "<group>"; };
/* End PBXFileReference section */

/* Begin PBXFrameworksBuildPhase section */
		5ADCD11626CA55D100004F63 /* Frameworks */ = {
			isa = PBXFrameworksBuildPhase;
			buildActionMask = 2147483647;
			files = (
			);
			runOnlyForDeploymentPostprocessing = 0;
		};
/* End PBXFrameworksBuildPhase section */

/* Begin PBXGroup section */
		5ADCD11026CA55D100004F63 = {
			isa = PBXGroup;
			children = (
				5ADCD11B26CA55D100004F63 /* iChat */,
				5ADCD11A26CA55D100004F63 /* Products */,
			);
			sourceTree = "<group>";
		};
		5ADCD11A26CA55D100004F63 /* Products */ = {
			isa = PBXGroup;
			children = (
				5ADCD11926CA55D100004F63 /* iChat.app */,
			);
			name = Products;
			sourceTree = "<group>";
		};
		5ADCD11B26CA55D100004F63 /* iChat */ = {
			isa = PBXGroup;
			children = (
				5ADCD11C26CA55D100004F63 /* AppDelegate.swift */,
				5ADCD11E26CA55D100004F63 /* SceneDelegate.swift */,
				5ADCD12026CA55D100004F63 /* AuthViewController.swift */,
				5ADCD14226CAC92900004F63 /* SignUpViewController.swift */,
				5ADCD13C26CAB75800004F63 /* Extensions */,
				5ADCD13026CA638500004F63 /* Assets.xcassets */,
				5ADCD12726CA55D300004F63 /* LaunchScreen.storyboard */,
				5ADCD12A26CA55D300004F63 /* Info.plist */,
			);
			path = iChat;
			sourceTree = "<group>";
		};
		5ADCD13C26CAB75800004F63 /* Extensions */ = {
			isa = PBXGroup;
			children = (
				5ADCD13D26CAB79B00004F63 /* UIKit */,
			);
			path = Extensions;
			sourceTree = "<group>";
		};
		5ADCD13D26CAB79B00004F63 /* UIKit */ = {
			isa = PBXGroup;
			children = (
				5ADCD13A26CAB4C100004F63 /* UIImage + Extension.swift */,
				5ADCD13826CAB04800004F63 /* UILabel + Extension.swift */,
				5ADCD13626CAAE3000004F63 /* UIColor + Extension.swift */,
				5ADCD13426CAAC0C00004F63 /* UIFont + Extension.swift */,
				5ADCD13226CA668600004F63 /* UIButton+Extension.swift */,
				5ADCD14026CAC63B00004F63 /* UIStackView + Extension.swift */,
				5ADCD13E26CABB0E00004F63 /* ButtonFormView.swift */,
			);
			name = UIKit;
			sourceTree = "<group>";
		};
/* End PBXGroup section */

/* Begin PBXNativeTarget section */
		5ADCD11826CA55D100004F63 /* iChat */ = {
			isa = PBXNativeTarget;
			buildConfigurationList = 5ADCD12D26CA55D300004F63 /* Build configuration list for PBXNativeTarget "iChat" */;
			buildPhases = (
				5ADCD11526CA55D100004F63 /* Sources */,
				5ADCD11626CA55D100004F63 /* Frameworks */,
				5ADCD11726CA55D100004F63 /* Resources */,
			);
			buildRules = (
			);
			dependencies = (
			);
			name = iChat;
			productName = iChat;
			productReference = 5ADCD11926CA55D100004F63 /* iChat.app */;
			productType = "com.apple.product-type.application";
		};
/* End PBXNativeTarget section */

/* Begin PBXProject section */
		5ADCD11126CA55D100004F63 /* Project object */ = {
			isa = PBXProject;
			attributes = {
				LastSwiftUpdateCheck = 1250;
				LastUpgradeCheck = 1250;
				TargetAttributes = {
					5ADCD11826CA55D100004F63 = {
						CreatedOnToolsVersion = 12.5.1;
					};
				};
			};
			buildConfigurationList = 5ADCD11426CA55D100004F63 /* Build configuration list for PBXProject "iChat" */;
			compatibilityVersion = "Xcode 9.3";
			developmentRegion = en;
			hasScannedForEncodings = 0;
			knownRegions = (
				en,
				Base,
			);
			mainGroup = 5ADCD11026CA55D100004F63;
			productRefGroup = 5ADCD11A26CA55D100004F63 /* Products */;
			projectDirPath = "";
			projectRoot = "";
			targets = (
				5ADCD11826CA55D100004F63 /* iChat */,
			);
		};
/* End PBXProject section */

/* Begin PBXResourcesBuildPhase section */
		5ADCD11726CA55D100004F63 /* Resources */ = {
			isa = PBXResourcesBuildPhase;
			buildActionMask = 2147483647;
			files = (
				5ADCD12926CA55D300004F63 /* LaunchScreen.storyboard in Resources */,
				5ADCD13126CA638500004F63 /* Assets.xcassets in Resources */,
			);
			runOnlyForDeploymentPostprocessing = 0;
		};
/* End PBXResourcesBuildPhase section */

/* Begin PBXSourcesBuildPhase section */
		5ADCD11526CA55D100004F63 /* Sources */ = {
			isa = PBXSourcesBuildPhase;
			buildActionMask = 2147483647;
			files = (
				5ADCD14326CAC92A00004F63 /* SignUpViewController.swift in Sources */,
				5ADCD13526CAAC0C00004F63 /* UIFont + Extension.swift in Sources */,
				5ADCD13726CAAE3000004F63 /* UIColor + Extension.swift in Sources */,
				5ADCD13926CAB04800004F63 /* UILabel + Extension.swift in Sources */,
				5ADCD14126CAC63B00004F63 /* UIStackView + Extension.swift in Sources */,
				5ADCD13F26CABB0E00004F63 /* ButtonFormView.swift in Sources */,
				5ADCD12126CA55D100004F63 /* AuthViewController.swift in Sources */,
				5ADCD13326CA668600004F63 /* UIButton+Extension.swift in Sources */,
				5ADCD13B26CAB4C100004F63 /* UIImage + Extension.swift in Sources */,
				5ADCD11D26CA55D100004F63 /* AppDelegate.swift in Sources */,
				5ADCD11F26CA55D100004F63 /* SceneDelegate.swift in Sources */,
			);
			runOnlyForDeploymentPostprocessing = 0;
		};
/* End PBXSourcesBuildPhase section */

/* Begin PBXVariantGroup section */
		5ADCD12726CA55D300004F63 /* LaunchScreen.storyboard */ = {
			isa = PBXVariantGroup;
			children = (
				5ADCD12826CA55D300004F63 /* Base */,
			);
			name = LaunchScreen.storyboard;
			sourceTree = "<group>";
		};
/* End PBXVariantGroup section */

/* Begin XCBuildConfiguration section */
		5ADCD12B26CA55D300004F63 /* Debug */ = {
			isa = XCBuildConfiguration;
			buildSettings = {
				ALWAYS_SEARCH_USER_PATHS = NO;
				CLANG_ANALYZER_NONNULL = YES;
				CLANG_ANALYZER_NUMBER_OBJECT_CONVERSION = YES_AGGRESSIVE;
				CLANG_CXX_LANGUAGE_STANDARD = "gnu++14";
				CLANG_CXX_LIBRARY = "libc++";
				CLANG_ENABLE_MODULES = YES;
				CLANG_ENABLE_OBJC_ARC = YES;
				CLANG_ENABLE_OBJC_WEAK = YES;
				CLANG_WARN_BLOCK_CAPTURE_AUTORELEASING = YES;
				CLANG_WARN_BOOL_CONVERSION = YES;
				CLANG_WARN_COMMA = YES;
				CLANG_WARN_CONSTANT_CONVERSION = YES;
				CLANG_WARN_DEPRECATED_OBJC_IMPLEMENTATIONS = YES;
				CLANG_WARN_DIRECT_OBJC_ISA_USAGE = YES_ERROR;
				CLANG_WARN_DOCUMENTATION_COMMENTS = YES;
				CLANG_WARN_EMPTY_BODY = YES;
				CLANG_WARN_ENUM_CONVERSION = YES;
				CLANG_WARN_INFINITE_RECURSION = YES;
				CLANG_WARN_INT_CONVERSION = YES;
				CLANG_WARN_NON_LITERAL_NULL_CONVERSION = YES;
				CLANG_WARN_OBJC_IMPLICIT_RETAIN_SELF = YES;
				CLANG_WARN_OBJC_LITERAL_CONVERSION = YES;
				CLANG_WARN_OBJC_ROOT_CLASS = YES_ERROR;
				CLANG_WARN_QUOTED_INCLUDE_IN_FRAMEWORK_HEADER = YES;
				CLANG_WARN_RANGE_LOOP_ANALYSIS = YES;
				CLANG_WARN_STRICT_PROTOTYPES = YES;
				CLANG_WARN_SUSPICIOUS_MOVE = YES;
				CLANG_WARN_UNGUARDED_AVAILABILITY = YES_AGGRESSIVE;
				CLANG_WARN_UNREACHABLE_CODE = YES;
				CLANG_WARN__DUPLICATE_METHOD_MATCH = YES;
				COPY_PHASE_STRIP = NO;
				DEBUG_INFORMATION_FORMAT = dwarf;
				ENABLE_STRICT_OBJC_MSGSEND = YES;
				ENABLE_TESTABILITY = YES;
				GCC_C_LANGUAGE_STANDARD = gnu11;
				GCC_DYNAMIC_NO_PIC = NO;
				GCC_NO_COMMON_BLOCKS = YES;
				GCC_OPTIMIZATION_LEVEL = 0;
				GCC_PREPROCESSOR_DEFINITIONS = (
					"DEBUG=1",
					"$(inherited)",
				);
				GCC_WARN_64_TO_32_BIT_CONVERSION = YES;
				GCC_WARN_ABOUT_RETURN_TYPE = YES_ERROR;
				GCC_WARN_UNDECLARED_SELECTOR = YES;
				GCC_WARN_UNINITIALIZED_AUTOS = YES_AGGRESSIVE;
				GCC_WARN_UNUSED_FUNCTION = YES;
				GCC_WARN_UNUSED_VARIABLE = YES;
				IPHONEOS_DEPLOYMENT_TARGET = 14.5;
				MTL_ENABLE_DEBUG_INFO = INCLUDE_SOURCE;
				MTL_FAST_MATH = YES;
				ONLY_ACTIVE_ARCH = YES;
				SDKROOT = iphoneos;
				SWIFT_ACTIVE_COMPILATION_CONDITIONS = DEBUG;
				SWIFT_OPTIMIZATION_LEVEL = "-Onone";
			};
			name = Debug;
		};
		5ADCD12C26CA55D300004F63 /* Release */ = {
			isa = XCBuildConfiguration;
			buildSettings = {
				ALWAYS_SEARCH_USER_PATHS = NO;
				CLANG_ANALYZER_NONNULL = YES;
				CLANG_ANALYZER_NUMBER_OBJECT_CONVERSION = YES_AGGRESSIVE;
				CLANG_CXX_LANGUAGE_STANDARD = "gnu++14";
				CLANG_CXX_LIBRARY = "libc++";
				CLANG_ENABLE_MODULES = YES;
				CLANG_ENABLE_OBJC_ARC = YES;
				CLANG_ENABLE_OBJC_WEAK = YES;
				CLANG_WARN_BLOCK_CAPTURE_AUTORELEASING = YES;
				CLANG_WARN_BOOL_CONVERSION = YES;
				CLANG_WARN_COMMA = YES;
				CLANG_WARN_CONSTANT_CONVERSION = YES;
				CLANG_WARN_DEPRECATED_OBJC_IMPLEMENTATIONS = YES;
				CLANG_WARN_DIRECT_OBJC_ISA_USAGE = YES_ERROR;
				CLANG_WARN_DOCUMENTATION_COMMENTS = YES;
				CLANG_WARN_EMPTY_BODY = YES;
				CLANG_WARN_ENUM_CONVERSION = YES;
				CLANG_WARN_INFINITE_RECURSION = YES;
				CLANG_WARN_INT_CONVERSION = YES;
				CLANG_WARN_NON_LITERAL_NULL_CONVERSION = YES;
				CLANG_WARN_OBJC_IMPLICIT_RETAIN_SELF = YES;
				CLANG_WARN_OBJC_LITERAL_CONVERSION = YES;
				CLANG_WARN_OBJC_ROOT_CLASS = YES_ERROR;
				CLANG_WARN_QUOTED_INCLUDE_IN_FRAMEWORK_HEADER = YES;
				CLANG_WARN_RANGE_LOOP_ANALYSIS = YES;
				CLANG_WARN_STRICT_PROTOTYPES = YES;
				CLANG_WARN_SUSPICIOUS_MOVE = YES;
				CLANG_WARN_UNGUARDED_AVAILABILITY = YES_AGGRESSIVE;
				CLANG_WARN_UNREACHABLE_CODE = YES;
				CLANG_WARN__DUPLICATE_METHOD_MATCH = YES;
				COPY_PHASE_STRIP = NO;
				DEBUG_INFORMATION_FORMAT = "dwarf-with-dsym";
				ENABLE_NS_ASSERTIONS = NO;
				ENABLE_STRICT_OBJC_MSGSEND = YES;
				GCC_C_LANGUAGE_STANDARD = gnu11;
				GCC_NO_COMMON_BLOCKS = YES;
				GCC_WARN_64_TO_32_BIT_CONVERSION = YES;
				GCC_WARN_ABOUT_RETURN_TYPE = YES_ERROR;
				GCC_WARN_UNDECLARED_SELECTOR = YES;
				GCC_WARN_UNINITIALIZED_AUTOS = YES_AGGRESSIVE;
				GCC_WARN_UNUSED_FUNCTION = YES;
				GCC_WARN_UNUSED_VARIABLE = YES;
				IPHONEOS_DEPLOYMENT_TARGET = 14.5;
				MTL_ENABLE_DEBUG_INFO = NO;
				MTL_FAST_MATH = YES;
				SDKROOT = iphoneos;
				SWIFT_COMPILATION_MODE = wholemodule;
				SWIFT_OPTIMIZATION_LEVEL = "-O";
				VALIDATE_PRODUCT = YES;
			};
			name = Release;
		};
		5ADCD12E26CA55D300004F63 /* Debug */ = {
			isa = XCBuildConfiguration;
			buildSettings = {
				ASSETCATALOG_COMPILER_APPICON_NAME = AppIcon;
				ASSETCATALOG_COMPILER_GLOBAL_ACCENT_COLOR_NAME = AccentColor;
				CODE_SIGN_STYLE = Automatic;
				DEVELOPMENT_TEAM = 7639DV2M4N;
				INFOPLIST_FILE = iChat/Info.plist;
				LD_RUNPATH_SEARCH_PATHS = (
					"$(inherited)",
					"@executable_path/Frameworks",
				);
				PRODUCT_BUNDLE_IDENTIFIER = com.nechaev.iChat;
				PRODUCT_NAME = "$(TARGET_NAME)";
				SWIFT_VERSION = 5.0;
				TARGETED_DEVICE_FAMILY = "1,2";
			};
			name = Debug;
		};
		5ADCD12F26CA55D300004F63 /* Release */ = {
			isa = XCBuildConfiguration;
			buildSettings = {
				ASSETCATALOG_COMPILER_APPICON_NAME = AppIcon;
				ASSETCATALOG_COMPILER_GLOBAL_ACCENT_COLOR_NAME = AccentColor;
				CODE_SIGN_STYLE = Automatic;
				DEVELOPMENT_TEAM = 7639DV2M4N;
				INFOPLIST_FILE = iChat/Info.plist;
				LD_RUNPATH_SEARCH_PATHS = (
					"$(inherited)",
					"@executable_path/Frameworks",
				);
				PRODUCT_BUNDLE_IDENTIFIER = com.nechaev.iChat;
				PRODUCT_NAME = "$(TARGET_NAME)";
				SWIFT_VERSION = 5.0;
				TARGETED_DEVICE_FAMILY = "1,2";
			};
			name = Release;
		};
/* End XCBuildConfiguration section */

/* Begin XCConfigurationList section */
		5ADCD11426CA55D100004F63 /* Build configuration list for PBXProject "iChat" */ = {
			isa = XCConfigurationList;
			buildConfigurations = (
				5ADCD12B26CA55D300004F63 /* Debug */,
				5ADCD12C26CA55D300004F63 /* Release */,
			);
			defaultConfigurationIsVisible = 0;
			defaultConfigurationName = Release;
		};
		5ADCD12D26CA55D300004F63 /* Build configuration list for PBXNativeTarget "iChat" */ = {
			isa = XCConfigurationList;
			buildConfigurations = (
				5ADCD12E26CA55D300004F63 /* Debug */,
				5ADCD12F26CA55D300004F63 /* Release */,
			);
			defaultConfigurationIsVisible = 0;
			defaultConfigurationName = Release;
		};
/* End XCConfigurationList section */
	};
	rootObject = 5ADCD11126CA55D100004F63 /* Project object */;
}
